
Microsoft Visual Studio Solution File, Format Version 12.00
# Visual Studio Version 16
VisualStudioVersion = 16.0.30105.148
MinimumVisualStudioVersion = 10.0.40219.1
Project("{FAE04EC0-301F-11D3-BF4B-00C04F79EFBC}") = "MiniORM", "MiniORM\MiniORM.csproj", "{5369DD96-5676-4D75-B3D5-202D0160A3B6}"
EndProject
Global
	GlobalSection(SolutionConfigurationPlatforms) = preSolution
		Debug|Any CPU = Debug|Any CPU
		Release|Any CPU = Release|Any CPU
	EndGlobalSection
	GlobalSection(ProjectConfigurationPlatforms) = postSolution
		{5369DD96-5676-4D75-B3D5-202D0160A3B6}.Debug|Any CPU.ActiveCfg = Debug|Any CPU
		{5369DD96-5676-4D75-B3D5-202D0160A3B6}.Debug|Any CPU.Build.0 = Debug|Any CPU
		{5369DD96-5676-4D75-B3D5-202D0160A3B6}.Release|Any CPU.ActiveCfg = Release|Any CPU
		{5369DD96-5676-4D75-B3D5-202D0160A3B6}.Release|Any CPU.Build.0 = Release|Any CPU
	EndGlobalSection
	GlobalSection(SolutionProperties) = preSolution
		HideSolutionNode = FALSE
	EndGlobalSection
	GlobalSection(ExtensibilityGlobals) = postSolution
		SolutionGuid = {EF7DC4CB-CCAB-49F7-A4A2-7551DB31953A}
	EndGlobalSection
EndGlobal
