
Microsoft Visual Studio Solution File, Format Version 12.00
# Visual Studio Version 16
VisualStudioVersion = 16.0.30223.230
MinimumVisualStudioVersion = 10.0.40219.1
Project("{FAE04EC0-301F-11D3-BF4B-00C04F79EFBC}") = "ProductShop", "ProductShop\ProductShop.csproj", "{3E10EA57-8FBF-4FA4-937C-BBC0C7FE29EE}"
EndProject
Global
	GlobalSection(SolutionConfigurationPlatforms) = preSolution
		Debug|Any CPU = Debug|Any CPU
		Release|Any CPU = Release|Any CPU
	EndGlobalSection
	GlobalSection(ProjectConfigurationPlatforms) = postSolution
		{3E10EA57-8FBF-4FA4-937C-BBC0C7FE29EE}.Debug|Any CPU.ActiveCfg = Debug|Any CPU
		{3E10EA57-8FBF-4FA4-937C-BBC0C7FE29EE}.Debug|Any CPU.Build.0 = Debug|Any CPU
		{3E10EA57-8FBF-4FA4-937C-BBC0C7FE29EE}.Release|Any CPU.ActiveCfg = Release|Any CPU
		{3E10EA57-8FBF-4FA4-937C-BBC0C7FE29EE}.Release|Any CPU.Build.0 = Release|Any CPU
	EndGlobalSection
	GlobalSection(SolutionProperties) = preSolution
		HideSolutionNode = FALSE
	EndGlobalSection
	GlobalSection(ExtensibilityGlobals) = postSolution
		SolutionGuid = {2AEF8BD1-20F8-4CDB-8179-19116587A804}
	EndGlobalSection
EndGlobal
