
Microsoft Visual Studio Solution File, Format Version 12.00
# Visual Studio Version 16
VisualStudioVersion = 16.0.30223.230
MinimumVisualStudioVersion = 10.0.40219.1
Project("{FAE04EC0-301F-11D3-BF4B-00C04F79EFBC}") = "P03_SalesDatabase", "P03_SalesDatabase\P03_SalesDatabase.csproj", "{5A737B2D-69C5-405E-BBF7-5B36F013997C}"
EndProject
Project("{FAE04EC0-301F-11D3-BF4B-00C04F79EFBC}") = "P03_SalesDatabase.Data", "P03_SalesDatabase.Data\P03_SalesDatabase.Data.csproj", "{0BB08B91-6AC3-4243-B033-14C65AF7DEC9}"
EndProject
Project("{FAE04EC0-301F-11D3-BF4B-00C04F79EFBC}") = "P03_SalesDatabase.Data.Models", "P03_SalesDatabase.Data.Models\P03_SalesDatabase.Data.Models.csproj", "{A600DE5A-15A6-48C7-BC42-FBE3AB953F20}"
EndProject
Global
	GlobalSection(SolutionConfigurationPlatforms) = preSolution
		Debug|Any CPU = Debug|Any CPU
		Release|Any CPU = Release|Any CPU
	EndGlobalSection
	GlobalSection(ProjectConfigurationPlatforms) = postSolution
		{5A737B2D-69C5-405E-BBF7-5B36F013997C}.Debug|Any CPU.ActiveCfg = Debug|Any CPU
		{5A737B2D-69C5-405E-BBF7-5B36F013997C}.Debug|Any CPU.Build.0 = Debug|Any CPU
		{5A737B2D-69C5-405E-BBF7-5B36F013997C}.Release|Any CPU.ActiveCfg = Release|Any CPU
		{5A737B2D-69C5-405E-BBF7-5B36F013997C}.Release|Any CPU.Build.0 = Release|Any CPU
		{0BB08B91-6AC3-4243-B033-14C65AF7DEC9}.Debug|Any CPU.ActiveCfg = Debug|Any CPU
		{0BB08B91-6AC3-4243-B033-14C65AF7DEC9}.Debug|Any CPU.Build.0 = Debug|Any CPU
		{0BB08B91-6AC3-4243-B033-14C65AF7DEC9}.Release|Any CPU.ActiveCfg = Release|Any CPU
		{0BB08B91-6AC3-4243-B033-14C65AF7DEC9}.Release|Any CPU.Build.0 = Release|Any CPU
		{A600DE5A-15A6-48C7-BC42-FBE3AB953F20}.Debug|Any CPU.ActiveCfg = Debug|Any CPU
		{A600DE5A-15A6-48C7-BC42-FBE3AB953F20}.Debug|Any CPU.Build.0 = Debug|Any CPU
		{A600DE5A-15A6-48C7-BC42-FBE3AB953F20}.Release|Any CPU.ActiveCfg = Release|Any CPU
		{A600DE5A-15A6-48C7-BC42-FBE3AB953F20}.Release|Any CPU.Build.0 = Release|Any CPU
	EndGlobalSection
	GlobalSection(SolutionProperties) = preSolution
		HideSolutionNode = FALSE
	EndGlobalSection
	GlobalSection(ExtensibilityGlobals) = postSolution
		SolutionGuid = {B211E6E0-CA1F-45F3-A2FC-9F719958952C}
	EndGlobalSection
EndGlobal
