
Microsoft Visual Studio Solution File, Format Version 12.00
# Visual Studio Version 16
VisualStudioVersion = 16.0.30223.230
MinimumVisualStudioVersion = 10.0.40219.1
Project("{FAE04EC0-301F-11D3-BF4B-00C04F79EFBC}") = "P01_HospitalDatabase", "P01_HospitalDatabase\P01_HospitalDatabase.csproj", "{4D753BB8-9367-48C3-AFDD-142C23E8F81B}"
EndProject
Project("{FAE04EC0-301F-11D3-BF4B-00C04F79EFBC}") = "P01_HospitalDatabase.Data", "P01_HospitalDatabase.Data\P01_HospitalDatabase.Data.csproj", "{9B110103-BDA5-485E-B838-88172B0D5C48}"
EndProject
Project("{FAE04EC0-301F-11D3-BF4B-00C04F79EFBC}") = "P01_HospitalDatabase.Data.Models", "P01_HospitalDatabase.Data.Models\P01_HospitalDatabase.Data.Models.csproj", "{52D6BA37-D35C-49FD-A95F-5650B72C41AA}"
EndProject
Global
	GlobalSection(SolutionConfigurationPlatforms) = preSolution
		Debug|Any CPU = Debug|Any CPU
		Release|Any CPU = Release|Any CPU
	EndGlobalSection
	GlobalSection(ProjectConfigurationPlatforms) = postSolution
		{4D753BB8-9367-48C3-AFDD-142C23E8F81B}.Debug|Any CPU.ActiveCfg = Debug|Any CPU
		{4D753BB8-9367-48C3-AFDD-142C23E8F81B}.Debug|Any CPU.Build.0 = Debug|Any CPU
		{4D753BB8-9367-48C3-AFDD-142C23E8F81B}.Release|Any CPU.ActiveCfg = Release|Any CPU
		{4D753BB8-9367-48C3-AFDD-142C23E8F81B}.Release|Any CPU.Build.0 = Release|Any CPU
		{9B110103-BDA5-485E-B838-88172B0D5C48}.Debug|Any CPU.ActiveCfg = Debug|Any CPU
		{9B110103-BDA5-485E-B838-88172B0D5C48}.Debug|Any CPU.Build.0 = Debug|Any CPU
		{9B110103-BDA5-485E-B838-88172B0D5C48}.Release|Any CPU.ActiveCfg = Release|Any CPU
		{9B110103-BDA5-485E-B838-88172B0D5C48}.Release|Any CPU.Build.0 = Release|Any CPU
		{52D6BA37-D35C-49FD-A95F-5650B72C41AA}.Debug|Any CPU.ActiveCfg = Debug|Any CPU
		{52D6BA37-D35C-49FD-A95F-5650B72C41AA}.Debug|Any CPU.Build.0 = Debug|Any CPU
		{52D6BA37-D35C-49FD-A95F-5650B72C41AA}.Release|Any CPU.ActiveCfg = Release|Any CPU
		{52D6BA37-D35C-49FD-A95F-5650B72C41AA}.Release|Any CPU.Build.0 = Release|Any CPU
	EndGlobalSection
	GlobalSection(SolutionProperties) = preSolution
		HideSolutionNode = FALSE
	EndGlobalSection
	GlobalSection(ExtensibilityGlobals) = postSolution
		SolutionGuid = {E8776629-E48D-45A7-B099-D73959AABDC1}
	EndGlobalSection
EndGlobal
