
Microsoft Visual Studio Solution File, Format Version 12.00
# Visual Studio Version 16
VisualStudioVersion = 16.0.30105.148
MinimumVisualStudioVersion = 10.0.40219.1
Project("{FAE04EC0-301F-11D3-BF4B-00C04F79EFBC}") = "IntroductionToDBApps", "IntroductionToDBApps\IntroductionToDBApps.csproj", "{9151CB79-8A9C-4566-9EDA-3930EAEFCC2A}"
EndProject
Global
	GlobalSection(SolutionConfigurationPlatforms) = preSolution
		Debug|Any CPU = Debug|Any CPU
		Release|Any CPU = Release|Any CPU
	EndGlobalSection
	GlobalSection(ProjectConfigurationPlatforms) = postSolution
		{9151CB79-8A9C-4566-9EDA-3930EAEFCC2A}.Debug|Any CPU.ActiveCfg = Debug|Any CPU
		{9151CB79-8A9C-4566-9EDA-3930EAEFCC2A}.Debug|Any CPU.Build.0 = Debug|Any CPU
		{9151CB79-8A9C-4566-9EDA-3930EAEFCC2A}.Release|Any CPU.ActiveCfg = Release|Any CPU
		{9151CB79-8A9C-4566-9EDA-3930EAEFCC2A}.Release|Any CPU.Build.0 = Release|Any CPU
	EndGlobalSection
	GlobalSection(SolutionProperties) = preSolution
		HideSolutionNode = FALSE
	EndGlobalSection
	GlobalSection(ExtensibilityGlobals) = postSolution
		SolutionGuid = {86810259-A658-4176-8D72-BBFE9EF79785}
	EndGlobalSection
EndGlobal
